# This file is automatically @generated by Poetry 2.1.3 and should not be changed by hand.

[[package]]
name = "gdstk"
version = "0.9.60"
description = "Python module for creation and manipulation of GDSII files."
optional = false
python-versions = ">=3.9"
groups = ["main"]
files = [
    {file = "gdstk-0.9.60-cp310-cp310-macosx_10_9_universal2.whl", hash = "sha256:003f265080557aca32622b4a6770e59bacb002c418657b18a2066620c98e0679"},
    {file = "gdstk-0.9.60-cp310-cp310-macosx_10_9_x86_64.whl", hash = "sha256:af46e6f5c8646ad633c569bee6246827c969329eeabc605ba88ddf377f50c489"},
    {file = "gdstk-0.9.60-cp310-cp310-manylinux_2_17_i686.manylinux2014_i686.whl", hash = "sha256:75fa27b7bd8975c398b50352162502ff5b5b8c4b64f8ec84c04fa4a2d820bbbe"},
    {file = "gdstk-0.9.60-cp310-cp310-manylinux_2_17_x86_64.manylinux2014_x86_64.whl", hash = "sha256:16faf1a648881a011769a57e61265e0e6e8c0564f86720a4493a6df339272596"},
    {file = "gdstk-0.9.60-cp310-cp310-manylinux_2_28_x86_64.whl", hash = "sha256:98965bc06ea9c81d36cfa3721bb582182f579ed03d6780de89055626b39233f9"},
    {file = "gdstk-0.9.60-cp310-cp310-musllinux_1_2_i686.whl", hash = "sha256:cc4312a6c1dd52c5b2c0edf1ea44766040e4dc617aad5dddb8d1445ce6c17c2e"},
    {file = "gdstk-0.9.60-cp310-cp310-musllinux_1_2_x86_64.whl", hash = "sha256:3908d8eeb65fefbbaefbad4c9f946ae62ddd5516e73ec11864f24d0f6030deb0"},
    {file = "gdstk-0.9.60-cp310-cp310-win_amd64.whl", hash = "sha256:5f29c6d35d440de8923462e150eb8fb355e38a5b3af79008b4b73c073f9eabb3"},
    {file = "gdstk-0.9.60-cp311-cp311-macosx_10_9_universal2.whl", hash = "sha256:8ab9c85024179ac987133f7681f40565771b19fc689e512d7907a8faf4a6b4be"},
    {file = "gdstk-0.9.60-cp311-cp311-macosx_10_9_x86_64.whl", hash = "sha256:5b8ed8fdc80962c1a330ba8711094a61dff0304b30f44b9c141b850424290b6a"},
    {file = "gdstk-0.9.60-cp311-cp311-manylinux_2_17_i686.manylinux2014_i686.whl", hash = "sha256:0aea4dbaf777a8e7cd14f14c8612bf3f15aea76d94451933751fefe8bb63be47"},
    {file = "gdstk-0.9.60-cp311-cp311-manylinux_2_17_x86_64.manylinux2014_x86_64.whl", hash = "sha256:f7f54deea2d9350835eb32d0c6a3c4404d778def9ea68b4d33d2436b760f56dc"},
    {file = "gdstk-0.9.60-cp311-cp311-manylinux_2_28_x86_64.whl", hash = "sha256:494492019c3e58c9f112084ca3a2d171e6010f48a4f60b8415cfad97f7918090"},
    {file = "gdstk-0.9.60-cp311-cp311-musllinux_1_2_i686.whl", hash = "sha256:9bb0cd759fc1e10b26b47ae45620f29e36ee492030f3b965ac53ed4a443ed57f"},
    {file = "gdstk-0.9.60-cp311-cp311-musllinux_1_2_x86_64.whl", hash = "sha256:807594d81677e7865e3d63692a6faeb27d09e4206b542315a0779b69cde47182"},
    {file = "gdstk-0.9.60-cp311-cp311-win_amd64.whl", hash = "sha256:56b6706f598601be17c8f9fecf8adc9649cbe6bfd3da5e389018d96369996630"},
    {file = "gdstk-0.9.60-cp312-cp312-macosx_10_13_universal2.whl", hash = "sha256:724054622a6afff52bd6863d88e09053b13f8e015c874d81a7de6f0d37a88df2"},
    {file = "gdstk-0.9.60-cp312-cp312-macosx_10_13_x86_64.whl", hash = "sha256:8ce17b51e6f6494e038224033f55c4f8226897e3505ad5d7e0c37a7aadbf2e81"},
    {file = "gdstk-0.9.60-cp312-cp312-manylinux_2_17_i686.manylinux2014_i686.whl", hash = "sha256:5c525fd1b4c9a56df3aa55646be1980e3edcc326485ca2058b889f63fd9d265f"},
    {file = "gdstk-0.9.60-cp312-cp312-manylinux_2_17_x86_64.manylinux2014_x86_64.whl", hash = "sha256:9155d90b3035140201519f4ab97af6ec7ac96fa2cc4ca2927b93e5877c458315"},
    {file = "gdstk-0.9.60-cp312-cp312-manylinux_2_28_x86_64.whl", hash = "sha256:a51d0561f76059db7cfd6396163e10b3c89c2dd8285a38ef940f374caeac38a5"},
    {file = "gdstk-0.9.60-cp312-cp312-musllinux_1_2_i686.whl", hash = "sha256:7702cec46ab36b3cc6f08db29e7fb20cc93946a2cf3fa01188b0b6a831d83cdf"},
    {file = "gdstk-0.9.60-cp312-cp312-musllinux_1_2_x86_64.whl", hash = "sha256:ce367af239b4cf07e305cdd682e3a84df56e26c3ddbc4b1f55bc91467363386b"},
    {file = "gdstk-0.9.60-cp312-cp312-win_amd64.whl", hash = "sha256:a94f259a453736f24d4a98f8fca857f082081f84051094ad6b2d0f1b81fee19d"},
    {file = "gdstk-0.9.60-cp313-cp313-macosx_10_13_universal2.whl", hash = "sha256:5f1832f90f23c761e182e8f0dffcf9e47260f6be47a445b5027cd17ff9b2d51b"},
    {file = "gdstk-0.9.60-cp313-cp313-macosx_10_13_x86_64.whl", hash = "sha256:db240ecabacf0063e035d7ad7e156a500d895c0b9886d0b2adaa9681b83d9424"},
    {file = "gdstk-0.9.60-cp313-cp313-manylinux_2_17_i686.manylinux2014_i686.whl", hash = "sha256:f9c80eed22802b72566a89e4d429b1ec820a1b28658bc20830f455933d5ed963"},
    {file = "gdstk-0.9.60-cp313-cp313-manylinux_2_17_x86_64.manylinux2014_x86_64.whl", hash = "sha256:b0a35625a965848aabf52b4e92c37e0876bdc6f01099f0614fc97dfb28676e19"},
    {file = "gdstk-0.9.60-cp313-cp313-manylinux_2_28_x86_64.whl", hash = "sha256:bc52f232471b97e52004b047e4300de9e92575e62fbf40fe6bd1d4fbb1b87bc4"},
    {file = "gdstk-0.9.60-cp313-cp313-musllinux_1_2_i686.whl", hash = "sha256:aa0a7a617f90bd2c4ab5b5032638ea01c39f3305490bda67a82d8310e266aeb4"},
    {file = "gdstk-0.9.60-cp313-cp313-musllinux_1_2_x86_64.whl", hash = "sha256:64249dfc5803e987decbae5bc28144242f0297869fca1074b26380f261998ee6"},
    {file = "gdstk-0.9.60-cp313-cp313-win_amd64.whl", hash = "sha256:9e41b38a719991b1e36ea0320c44688ac18e64ae53d9e5775fc7222fccfbb34a"},
    {file = "gdstk-0.9.60-cp39-cp39-macosx_10_9_universal2.whl", hash = "sha256:218beba49fe8edd398c84c0d150d2e5d0ed3d9a67f74e15d3f378e717136dc93"},
    {file = "gdstk-0.9.60-cp39-cp39-macosx_10_9_x86_64.whl", hash = "sha256:f2365146721c6887e4d0b9bc30d94cf2f5a85b16dfa736431740cf329a1bd81f"},
    {file = "gdstk-0.9.60-cp39-cp39-manylinux_2_17_i686.manylinux2014_i686.whl", hash = "sha256:17ac4e85a159ef181a6aaa38131e14bca34f9a2b437f94a41f15a441179db648"},
    {file = "gdstk-0.9.60-cp39-cp39-manylinux_2_17_x86_64.manylinux2014_x86_64.whl", hash = "sha256:c796b0dc3d18075ee5f12e02509e696572469d21bd368d3f6abe1c5d93b27ce7"},
    {file = "gdstk-0.9.60-cp39-cp39-manylinux_2_28_x86_64.whl", hash = "sha256:1532f499a0bf2874e9d3bf641cd43740525cc3b8b75f143024850fecf8ffe1e3"},
    {file = "gdstk-0.9.60-cp39-cp39-musllinux_1_2_i686.whl", hash = "sha256:26a8750297a9fd69c55ee9bb97310558569885ad660a311f850e7ded46691dc7"},
    {file = "gdstk-0.9.60-cp39-cp39-musllinux_1_2_x86_64.whl", hash = "sha256:2a03453d5942036ebae3276d12bbe263ead90dc6af00072ed251431e37effe99"},
    {file = "gdstk-0.9.60-cp39-cp39-win_amd64.whl", hash = "sha256:9bd4264e0057c7d99a9b1519b72d47cabd314af1dc2228246c723e9962a89d60"},
    {file = "gdstk-0.9.60.tar.gz", hash = "sha256:6d9b807bf0ea43903779c0ba8c65b4fdfbca903a90dbb1acfd11b41fd0574588"},
]

[package.dependencies]
numpy = "*"
typing_extensions = {version = "*", markers = "python_version < \"3.11\""}

[package.extras]
docs = ["matplotlib", "sphinx", "sphinx-inline-tabs", "sphinx_rtd_theme"]

[[package]]
name = "numpy"
version = "2.2.6"
description = "Fundamental package for array computing in Python"
optional = false
python-versions = ">=3.10"
groups = ["main"]
files = [
    {file = "numpy-2.2.6-cp310-cp310-macosx_10_9_x86_64.whl", hash = "sha256:b412caa66f72040e6d268491a59f2c43bf03eb6c96dd8f0307829feb7fa2b6fb"},
    {file = "numpy-2.2.6-cp310-cp310-macosx_11_0_arm64.whl", hash = "sha256:8e41fd67c52b86603a91c1a505ebaef50b3314de0213461c7a6e99c9a3beff90"},
    {file = "numpy-2.2.6-cp310-cp310-macosx_14_0_arm64.whl", hash = "sha256:37e990a01ae6ec7fe7fa1c26c55ecb672dd98b19c3d0e1d1f326fa13cb38d163"},
    {file = "numpy-2.2.6-cp310-cp310-macosx_14_0_x86_64.whl", hash = "sha256:5a6429d4be8ca66d889b7cf70f536a397dc45ba6faeb5f8c5427935d9592e9cf"},
    {file = "numpy-2.2.6-cp310-cp310-manylinux_2_17_aarch64.manylinux2014_aarch64.whl", hash = "sha256:efd28d4e9cd7d7a8d39074a4d44c63eda73401580c5c76acda2ce969e0a38e83"},
    {file = "numpy-2.2.6-cp310-cp310-manylinux_2_17_x86_64.manylinux2014_x86_64.whl", hash = "sha256:fc7b73d02efb0e18c000e9ad8b83480dfcd5dfd11065997ed4c6747470ae8915"},
    {file = "numpy-2.2.6-cp310-cp310-musllinux_1_2_aarch64.whl", hash = "sha256:74d4531beb257d2c3f4b261bfb0fc09e0f9ebb8842d82a7b4209415896adc680"},
    {file = "numpy-2.2.6-cp310-cp310-musllinux_1_2_x86_64.whl", hash = "sha256:8fc377d995680230e83241d8a96def29f204b5782f371c532579b4f20607a289"},
    {file = "numpy-2.2.6-cp310-cp310-win32.whl", hash = "sha256:b093dd74e50a8cba3e873868d9e93a85b78e0daf2e98c6797566ad8044e8363d"},
    {file = "numpy-2.2.6-cp310-cp310-win_amd64.whl", hash = "sha256:f0fd6321b839904e15c46e0d257fdd101dd7f530fe03fd6359c1ea63738703f3"},
    {file = "numpy-2.2.6-cp311-cp311-macosx_10_9_x86_64.whl", hash = "sha256:f9f1adb22318e121c5c69a09142811a201ef17ab257a1e66ca3025065b7f53ae"},
    {file = "numpy-2.2.6-cp311-cp311-macosx_11_0_arm64.whl", hash = "sha256:c820a93b0255bc360f53eca31a0e676fd1101f673dda8da93454a12e23fc5f7a"},
    {file = "numpy-2.2.6-cp311-cp311-macosx_14_0_arm64.whl", hash = "sha256:3d70692235e759f260c3d837193090014aebdf026dfd167834bcba43e30c2a42"},
    {file = "numpy-2.2.6-cp311-cp311-macosx_14_0_x86_64.whl", hash = "sha256:481b49095335f8eed42e39e8041327c05b0f6f4780488f61286ed3c01368d491"},
    {file = "numpy-2.2.6-cp311-cp311-manylinux_2_17_aarch64.manylinux2014_aarch64.whl", hash = "sha256:b64d8d4d17135e00c8e346e0a738deb17e754230d7e0810ac5012750bbd85a5a"},
    {file = "numpy-2.2.6-cp311-cp311-manylinux_2_17_x86_64.manylinux2014_x86_64.whl", hash = "sha256:ba10f8411898fc418a521833e014a77d3ca01c15b0c6cdcce6a0d2897e6dbbdf"},
    {file = "numpy-2.2.6-cp311-cp311-musllinux_1_2_aarch64.whl", hash = "sha256:bd48227a919f1bafbdda0583705e547892342c26fb127219d60a5c36882609d1"},
    {file = "numpy-2.2.6-cp311-cp311-musllinux_1_2_x86_64.whl", hash = "sha256:9551a499bf125c1d4f9e250377c1ee2eddd02e01eac6644c080162c0c51778ab"},
    {file = "numpy-2.2.6-cp311-cp311-win32.whl", hash = "sha256:0678000bb9ac1475cd454c6b8c799206af8107e310843532b04d49649c717a47"},
    {file = "numpy-2.2.6-cp311-cp311-win_amd64.whl", hash = "sha256:e8213002e427c69c45a52bbd94163084025f533a55a59d6f9c5b820774ef3303"},
    {file = "numpy-2.2.6-cp312-cp312-macosx_10_13_x86_64.whl", hash = "sha256:41c5a21f4a04fa86436124d388f6ed60a9343a6f767fced1a8a71c3fbca038ff"},
    {file = "numpy-2.2.6-cp312-cp312-macosx_11_0_arm64.whl", hash = "sha256:de749064336d37e340f640b05f24e9e3dd678c57318c7289d222a8a2f543e90c"},
    {file = "numpy-2.2.6-cp312-cp312-macosx_14_0_arm64.whl", hash = "sha256:894b3a42502226a1cac872f840030665f33326fc3dac8e57c607905773cdcde3"},
    {file = "numpy-2.2.6-cp312-cp312-macosx_14_0_x86_64.whl", hash = "sha256:71594f7c51a18e728451bb50cc60a3ce4e6538822731b2933209a1f3614e9282"},
    {file = "numpy-2.2.6-cp312-cp312-manylinux_2_17_aarch64.manylinux2014_aarch64.whl", hash = "sha256:f2618db89be1b4e05f7a1a847a9c1c0abd63e63a1607d892dd54668dd92faf87"},
    {file = "numpy-2.2.6-cp312-cp312-manylinux_2_17_x86_64.manylinux2014_x86_64.whl", hash = "sha256:fd83c01228a688733f1ded5201c678f0c53ecc1006ffbc404db9f7a899ac6249"},
    {file = "numpy-2.2.6-cp312-cp312-musllinux_1_2_aarch64.whl", hash = "sha256:37c0ca431f82cd5fa716eca9506aefcabc247fb27ba69c5062a6d3ade8cf8f49"},
    {file = "numpy-2.2.6-cp312-cp312-musllinux_1_2_x86_64.whl", hash = "sha256:fe27749d33bb772c80dcd84ae7e8df2adc920ae8297400dabec45f0dedb3f6de"},
    {file = "numpy-2.2.6-cp312-cp312-win32.whl", hash = "sha256:4eeaae00d789f66c7a25ac5f34b71a7035bb474e679f410e5e1a94deb24cf2d4"},
    {file = "numpy-2.2.6-cp312-cp312-win_amd64.whl", hash = "sha256:c1f9540be57940698ed329904db803cf7a402f3fc200bfe599334c9bd84a40b2"},
    {file = "numpy-2.2.6-cp313-cp313-macosx_10_13_x86_64.whl", hash = "sha256:0811bb762109d9708cca4d0b13c4f67146e3c3b7cf8d34018c722adb2d957c84"},
    {file = "numpy-2.2.6-cp313-cp313-macosx_11_0_arm64.whl", hash = "sha256:287cc3162b6f01463ccd86be154f284d0893d2b3ed7292439ea97eafa8170e0b"},
    {file = "numpy-2.2.6-cp313-cp313-macosx_14_0_arm64.whl", hash = "sha256:f1372f041402e37e5e633e586f62aa53de2eac8d98cbfb822806ce4bbefcb74d"},
    {file = "numpy-2.2.6-cp313-cp313-macosx_14_0_x86_64.whl", hash = "sha256:55a4d33fa519660d69614a9fad433be87e5252f4b03850642f88993f7b2ca566"},
    {file = "numpy-2.2.6-cp313-cp313-manylinux_2_17_aarch64.manylinux2014_aarch64.whl", hash = "sha256:f92729c95468a2f4f15e9bb94c432a9229d0d50de67304399627a943201baa2f"},
    {file = "numpy-2.2.6-cp313-cp313-manylinux_2_17_x86_64.manylinux2014_x86_64.whl", hash = "sha256:1bc23a79bfabc5d056d106f9befb8d50c31ced2fbc70eedb8155aec74a45798f"},
    {file = "numpy-2.2.6-cp313-cp313-musllinux_1_2_aarch64.whl", hash = "sha256:e3143e4451880bed956e706a3220b4e5cf6172ef05fcc397f6f36a550b1dd868"},
    {file = "numpy-2.2.6-cp313-cp313-musllinux_1_2_x86_64.whl", hash = "sha256:b4f13750ce79751586ae2eb824ba7e1e8dba64784086c98cdbbcc6a42112ce0d"},
    {file = "numpy-2.2.6-cp313-cp313-win32.whl", hash = "sha256:5beb72339d9d4fa36522fc63802f469b13cdbe4fdab4a288f0c441b74272ebfd"},
    {file = "numpy-2.2.6-cp313-cp313-win_amd64.whl", hash = "sha256:b0544343a702fa80c95ad5d3d608ea3599dd54d4632df855e4c8d24eb6ecfa1c"},
    {file = "numpy-2.2.6-cp313-cp313t-macosx_10_13_x86_64.whl", hash = "sha256:0bca768cd85ae743b2affdc762d617eddf3bcf8724435498a1e80132d04879e6"},
    {file = "numpy-2.2.6-cp313-cp313t-macosx_11_0_arm64.whl", hash = "sha256:fc0c5673685c508a142ca65209b4e79ed6740a4ed6b2267dbba90f34b0b3cfda"},
    {file = "numpy-2.2.6-cp313-cp313t-macosx_14_0_arm64.whl", hash = "sha256:5bd4fc3ac8926b3819797a7c0e2631eb889b4118a9898c84f585a54d475b7e40"},
    {file = "numpy-2.2.6-cp313-cp313t-macosx_14_0_x86_64.whl", hash = "sha256:fee4236c876c4e8369388054d02d0e9bb84821feb1a64dd59e137e6511a551f8"},
    {file = "numpy-2.2.6-cp313-cp313t-manylinux_2_17_aarch64.manylinux2014_aarch64.whl", hash = "sha256:e1dda9c7e08dc141e0247a5b8f49cf05984955246a327d4c48bda16821947b2f"},
    {file = "numpy-2.2.6-cp313-cp313t-manylinux_2_17_x86_64.manylinux2014_x86_64.whl", hash = "sha256:f447e6acb680fd307f40d3da4852208af94afdfab89cf850986c3ca00562f4fa"},
    {file = "numpy-2.2.6-cp313-cp313t-musllinux_1_2_aarch64.whl", hash = "sha256:389d771b1623ec92636b0786bc4ae56abafad4a4c513d36a55dce14bd9ce8571"},
    {file = "numpy-2.2.6-cp313-cp313t-musllinux_1_2_x86_64.whl", hash = "sha256:8e9ace4a37db23421249ed236fdcdd457d671e25146786dfc96835cd951aa7c1"},
    {file = "numpy-2.2.6-cp313-cp313t-win32.whl", hash = "sha256:038613e9fb8c72b0a41f025a7e4c3f0b7a1b5d768ece4796b674c8f3fe13efff"},
    {file = "numpy-2.2.6-cp313-cp313t-win_amd64.whl", hash = "sha256:6031dd6dfecc0cf9f668681a37648373bddd6421fff6c66ec1624eed0180ee06"},
    {file = "numpy-2.2.6-pp310-pypy310_pp73-macosx_10_15_x86_64.whl", hash = "sha256:0b605b275d7bd0c640cad4e5d30fa701a8d59302e127e5f79138ad62762c3e3d"},
    {file = "numpy-2.2.6-pp310-pypy310_pp73-macosx_14_0_x86_64.whl", hash = "sha256:7befc596a7dc9da8a337f79802ee8adb30a552a94f792b9c9d18c840055907db"},
    {file = "numpy-2.2.6-pp310-pypy310_pp73-manylinux_2_17_x86_64.manylinux2014_x86_64.whl", hash = "sha256:ce47521a4754c8f4593837384bd3424880629f718d87c5d44f8ed763edd63543"},
    {file = "numpy-2.2.6-pp310-pypy310_pp73-win_amd64.whl", hash = "sha256:d042d24c90c41b54fd506da306759e06e568864df8ec17ccc17e9e884634fd00"},
    {file = "numpy-2.2.6.tar.gz", hash = "sha256:e29554e2bef54a90aa5cc07da6ce955accb83f21ab5de01a62c8478897b264fd"},
]

[[package]]
name = "typing-extensions"
version = "4.14.0"
description = "Backported and Experimental Type Hints for Python 3.9+"
optional = false
python-versions = ">=3.9"
groups = ["main"]
markers = "python_version < \"3.11\""
files = [
    {file = "typing_extensions-4.14.0-py3-none-any.whl", hash = "sha256:a1514509136dd0b477638fc68d6a91497af5076466ad0fa6c338e44e359944af"},
    {file = "typing_extensions-4.14.0.tar.gz", hash = "sha256:8676b788e32f02ab42d9e7c61324048ae4c6d844a399eebace3d4979d75ceef4"},
]

[metadata]
lock-version = "2.1"
python-versions = ">=3.10.0,<3.12"
content-hash = "9ba22b8061fff21664519520df358451a9794a907bf4149321000c16e5979728"
